{
  "nodes": {
    "beam": {
      "inputs": {
        "euler-build": [
          "euler-build"
        ]
      },
      "locked": {
        "lastModified": 1618840279,
        "narHash": "sha256-Pbn0ZwbZTj9TdjfyjDk5coC9tvV6DgQiN/XR9Jha4aM=",
        "owner": "juspay",
        "repo": "beam",
        "rev": "372542ec6c49d18e8c1c4ef9da15ff0b97c07ed8",
        "type": "github"
      },
      "original": {
        "id": "beam",
        "type": "indirect"
      }
    },
    "beam-mysql": {
      "inputs": {
        "beam": [
          "beam"
        ],
        "euler-build": [
          "euler-build"
        ]
      },
      "locked": {
        "lastModified": 1660823126,
        "narHash": "sha256-htuX9kvHjg4xMJuuv98s+LZKKkaajgIyQ3XPd246U2I=",
        "owner": "juspay",
        "repo": "beam-mysql",
        "rev": "2747059f02f67f2dab3ae72b1953f9a43fc0dda9",
        "type": "github"
      },
      "original": {
        "id": "beam-mysql",
        "type": "indirect"
      }
    },
    "euler-build": {
      "inputs": {
        "flake-utils": "flake-utils",
        "nix-inclusive": "nix-inclusive",
        "nixpkgs": "nixpkgs"
      },
      "locked": {
        "lastModified": 1620054696,
        "narHash": "sha256-316JgoGBQs+29untwjJokSWc0OW2PoCCL33aC/hvPKw=",
        "ref": "master",
        "rev": "c6af205a7adb1b7abac18f06830f4ed196bfd6e4",
        "revCount": 41,
        "type": "git",
        "url": "ssh://git@bitbucket.org/juspay/euler-build"
      },
      "original": {
        "id": "euler-build",
        "type": "indirect"
      }
    },
    "euler-haskell-common": {
      "inputs": {
        "euler-build": [
          "euler-build"
        ]
      },
      "locked": {
        "lastModified": 1637576622,
        "narHash": "sha256-0iYsC8qtihNdEsiZDQsJEjn/PXu3uyZpQMwPjhZRRu4=",
        "ref": "master",
        "rev": "1affbe0f828f27983c2aa6578ae7e3969b7023a2",
        "revCount": 12,
        "type": "git",
        "url": "ssh://git@bitbucket.org/juspay/euler-haskell-common"
      },
      "original": {
        "id": "euler-haskell-common",
        "type": "indirect"
      }
    },
    "flake-utils": {
      "locked": {
        "lastModified": 1600209923,
        "narHash": "sha256-zoOWauTliFEjI++esk6Jzk7QO5EKpddWXQm9yQK24iM=",
        "owner": "numtide",
        "repo": "flake-utils",
        "rev": "3cd06d3c1df6879c9e41cb2c33113df10566c760",
        "type": "github"
      },
      "original": {
        "owner": "numtide",
        "repo": "flake-utils",
        "type": "github"
      }
    },
    "haskell-sequelize": {
      "inputs": {
        "beam": [
          "beam"
        ],
        "beam-mysql": [
          "beam-mysql"
        ],
        "euler-build": [
          "euler-build"
        ]
      },
      "locked": {
        "lastModified": 1638449782,
        "narHash": "sha256-4B3nEiR0CqV1yaOy9GLoCgHEWBltLGiKrN8ugQsfu88=",
        "ref": "master",
        "rev": "1bbd42155ecd587eb96a515b350c48b35cabc41e",
        "revCount": 92,
        "type": "git",
        "url": "ssh://git@bitbucket.org/juspay/haskell-sequelize"
      },
      "original": {
        "id": "haskell-sequelize",
        "type": "indirect"
      }
    },
    "nix-inclusive": {
      "inputs": {
        "stdlib": "stdlib"
      },
      "locked": {
        "lastModified": 1604413592,
        "narHash": "sha256-3cr2RRBCXNb+6Q1s3tEQiN4LjoFC8OsMSG8WuCyGe/g=",
        "owner": "juspay",
        "repo": "nix-inclusive",
        "rev": "2ca1706029bfcf4bb7eaf17b4f32e49f436a148e",
        "type": "github"
      },
      "original": {
        "owner": "juspay",
        "repo": "nix-inclusive",
        "rev": "2ca1706029bfcf4bb7eaf17b4f32e49f436a148e",
        "type": "github"
      }
    },
    "nixpkgs": {
      "locked": {
        "lastModified": 1618072958,
        "narHash": "sha256-QDKj58ECixtb4EJMWV5D5Lb2xdCgab1Opi4zjQWbDOg=",
        "owner": "NixOS",
        "repo": "nixpkgs",
        "rev": "a73020b2a150322c9832b50baeb0296ba3b13dd7",
        "type": "github"
      },
      "original": {
        "owner": "NixOS",
        "repo": "nixpkgs",
        "rev": "a73020b2a150322c9832b50baeb0296ba3b13dd7",
        "type": "github"
      }
    },
    "root": {
      "inputs": {
        "beam": "beam",
        "beam-mysql": "beam-mysql",
        "euler-build": "euler-build",
        "euler-haskell-common": "euler-haskell-common",
        "haskell-sequelize": "haskell-sequelize"
      }
    },
    "stdlib": {
      "locked": {
        "lastModified": 1590026685,
        "narHash": "sha256-E5INrVvYX/P/UpcoUFDAsuHem+lsqT+/teBs9O7oc9Q=",
        "owner": "manveru",
        "repo": "nix-lib",
        "rev": "99088cf7febcdb21afd375a335dcafa959bef3ed",
        "type": "github"
      },
      "original": {
        "owner": "manveru",
        "repo": "nix-lib",
        "type": "github"
      }
    }
  },
  "root": "root",
  "version": 7
}
