{
  "nodes": {
    "beam": {
      "inputs": {
        "euler-build": [
          "euler-build"
        ]
      },
      "locked": {
        "lastModified": 1603287523,
        "narHash": "sha256-sGbiWEQ9mQseYnRb6hQbDwqH14Xy4sXbvyYHlgZxc3I=",
        "owner": "juspay",
        "repo": "beam",
        "rev": "b369dfb2077bc31221130379cc0e705c66f5bdcf",
        "type": "github"
      },
      "original": {
        "id": "beam",
        "type": "indirect"
      }
    },
    "beam-mysql": {
      "inputs": {
        "beam": [
          "beam"
        ],
        "euler-build": [
          "euler-build"
        ]
      },
      "locked": {
        "lastModified": 1603384426,
        "narHash": "sha256-eqAJ5zUFFIuwq95jgAUrT5rj/QEhJitXoykgixnGi1k=",
        "owner": "juspay",
        "repo": "beam-mysql",
        "rev": "7e1a1e7fa8f7e781b85053c6e5dcc08c5ca5bfd0",
        "type": "github"
      },
      "original": {
        "id": "beam-mysql",
        "type": "indirect"
      }
    },
    "euler-build": {
      "inputs": {
        "flake-utils": "flake-utils",
        "nix-inclusive": "nix-inclusive",
        "nixpkgs": "nixpkgs"
      },
      "locked": {
        "lastModified": 1603293065,
        "narHash": "sha256-D55WYDBLTo8cLIKmuqK1Mwqp+xm0XaJd3EJQg8VNzZo=",
        "ref": "new-build",
        "rev": "e27a6b954748e5d9658c43f62322237065ca0616",
        "revCount": 2,
        "type": "git",
        "url": "ssh://git@bitbucket.org/juspay/euler-build"
      },
      "original": {
        "id": "euler-build",
        "type": "indirect"
      }
    },
    "flake-utils": {
      "locked": {
        "lastModified": 1600209923,
        "narHash": "sha256-zoOWauTliFEjI++esk6Jzk7QO5EKpddWXQm9yQK24iM=",
        "owner": "numtide",
        "repo": "flake-utils",
        "rev": "3cd06d3c1df6879c9e41cb2c33113df10566c760",
        "type": "github"
      },
      "original": {
        "owner": "numtide",
        "repo": "flake-utils",
        "type": "github"
      }
    },
    "haskell-sequelize": {
      "inputs": {
        "beam": [
          "beam"
        ],
        "beam-mysql": [
          "beam-mysql"
        ],
        "euler-build": [
          "euler-build"
        ]
      },
      "locked": {
        "lastModified": 1603809163,
        "narHash": "sha256-Vk4emc1diPFxksjezM3J4Qc6dEp/kvXMlrr+204xx1s=",
        "ref": "euler-tools",
        "rev": "d340892aca5ad4428278495e11897beaaf8142d1",
        "revCount": 69,
        "type": "git",
        "url": "ssh://git@bitbucket.org/juspay/haskell-sequelize"
      },
      "original": {
        "id": "haskell-sequelize",
        "type": "indirect"
      }
    },
    "nix-inclusive": {
      "inputs": {
        "stdlib": "stdlib"
      },
      "locked": {
        "lastModified": 1592950149,
        "narHash": "sha256-tZSz9/WkOrtNbW7U2re4WoFPQ2tQX0I0GpCeoF3fY1M=",
        "owner": "manveru",
        "repo": "nix-inclusive",
        "rev": "dd80ddcc6850d130b591fbc9b0aacacfbb3cf47c",
        "type": "github"
      },
      "original": {
        "owner": "manveru",
        "repo": "nix-inclusive",
        "rev": "dd80ddcc6850d130b591fbc9b0aacacfbb3cf47c",
        "type": "github"
      }
    },
    "nixpkgs": {
      "locked": {
        "lastModified": 1589844680,
        "narHash": "sha256-I4OYatIJsEZvEUkAGdTlJjAuUuAq7A1GA/kepUQic1o=",
        "owner": "NixOS",
        "repo": "nixpkgs-channels",
        "rev": "0f5ce2fac0c726036ca69a5524c59a49e2973dd4",
        "type": "github"
      },
      "original": {
        "owner": "NixOS",
        "repo": "nixpkgs-channels",
        "rev": "0f5ce2fac0c726036ca69a5524c59a49e2973dd4",
        "type": "github"
      }
    },
    "root": {
      "inputs": {
        "beam": "beam",
        "beam-mysql": "beam-mysql",
        "euler-build": "euler-build",
        "haskell-sequelize": "haskell-sequelize"
      }
    },
    "stdlib": {
      "locked": {
        "lastModified": 1590026685,
        "narHash": "sha256-E5INrVvYX/P/UpcoUFDAsuHem+lsqT+/teBs9O7oc9Q=",
        "owner": "manveru",
        "repo": "nix-lib",
        "rev": "99088cf7febcdb21afd375a335dcafa959bef3ed",
        "type": "github"
      },
      "original": {
        "owner": "manveru",
        "repo": "nix-lib",
        "type": "github"
      }
    }
  },
  "root": "root",
  "version": 7
}
