# This file was autogenerated by Stack.
# You should not edit this file by hand.
# For more information, please see the documentation at:
#   https://docs.haskellstack.org/en/stable/lock_files

packages:
- completed:
    name: hedis
    version: 0.12.8
    git: https://github.com/juspay/hedis.git
    pantry-tree:
      size: 2571
      sha256: 26be8561de07049a22a771597e3b141f4e46664321e5c13ad234467bc64b9d20
    commit: ce6de8f158e87414cf11bcba4e95d54a9c3185f3
  original:
    git: https://github.com/juspay/hedis.git
    commit: ce6de8f158e87414cf11bcba4e95d54a9c3185f3
- completed:
    hackage: crc16-0.1.0@sha256:da3e4b82e437a054159ecc497372c997f784d77babcee641a5f657f6a0a8eb80,624
    pantry-tree:
      size: 257
      sha256: 2e913535bbaf1061779982787d54c7a8fa37f34ad680bb13aa76e0aa32040112
  original:
    hackage: crc16-0.1.0@sha256:da3e4b82e437a054159ecc497372c997f784d77babcee641a5f657f6a0a8eb80,624
- completed:
    name: beam-mysql
    version: 0.2.0.0
    git: https://github.com/juspay/beam-mysql
    pantry-tree:
      size: 542
      sha256: 2ec8c8ac068ed54bd8dcff219e9c247b657ce1c51186922afe56ef4fb8b63f46
    commit: 3d03598b11be40929ee95984a83c3d9ed4be8536
  original:
    git: https://github.com/juspay/beam-mysql
    commit: 3d03598b11be40929ee95984a83c3d9ed4be8536
- completed:
    hackage: random-strings-0.1.1.0@sha256:935a7a23dab45411960df77636a29b44ce42b89eeb15f2b1e809d771491fa677,2517
    pantry-tree:
      size: 663
      sha256: 5a382966fdd8d5220b5791f3bff6db00d2ea29235e2716dadd52461b8a8beb97
  original:
    hackage: random-strings-0.1.1.0@sha256:935a7a23dab45411960df77636a29b44ce42b89eeb15f2b1e809d771491fa677,2517
- completed:
    hackage: cryptostore-0.2.0.0@sha256:9fcc48b25b7989b9697afb3899387620b3d75b5d995ee2111e7cc942a4c27601,3881
    pantry-tree:
      size: 8595
      sha256: 33cafffb96a250791f6e1322a67752cb38b71250456d335787013024d3a95849
  original:
    hackage: cryptostore-0.2.0.0@sha256:9fcc48b25b7989b9697afb3899387620b3d75b5d995ee2111e7cc942a4c27601,3881
- completed:
    hackage: wai-middleware-prometheus-1.0.0@sha256:1625792914fb2139f005685be8ce519111451cfb854816e430fbf54af46238b4,1314
    pantry-tree:
      size: 307
      sha256: 6d64803c639ed4c7204ea6fab0536b97d3ee16cdecb9b4a883cd8e56d3c61402
  original:
    hackage: wai-middleware-prometheus-1.0.0@sha256:1625792914fb2139f005685be8ce519111451cfb854816e430fbf54af46238b4,1314
- completed:
    hackage: amazonka-1.6.1@sha256:d863557379350ed6bbb91187abeb8c349a654f60b140d138710486f58ae7c476,3536
    pantry-tree:
      size: 992
      sha256: 55747f9b56063ea1be73a962e1ce44528b9856e119e2d9f1238397b3112b6e70
  original:
    hackage: amazonka-1.6.1@sha256:d863557379350ed6bbb91187abeb8c349a654f60b140d138710486f58ae7c476,3536
- completed:
    hackage: amazonka-core-1.6.1@sha256:9bc59ce403c6eeba3b3eaf3f10e5f0b6a33b6edbbf8f6de0dd6f4c67b86fa698,5135
    pantry-tree:
      size: 3438
      sha256: c13e643176308771491ec0e06390e269047bb1b28be4535992842f7426a95eb4
  original:
    hackage: amazonka-core-1.6.1@sha256:9bc59ce403c6eeba3b3eaf3f10e5f0b6a33b6edbbf8f6de0dd6f4c67b86fa698,5135
- completed:
    hackage: amazonka-kms-1.6.1@sha256:5462f18f64f2a4cc9d0f4e21d01ce1767b822b066158093b15e7063ff94b19ce,4307
    pantry-tree:
      size: 8467
      sha256: 5ee7323fb29b90d2cec47c4bb7615c64c2759ab5bca36b70adf6aa0b580cea41
  original:
    hackage: amazonka-kms-1.6.1@sha256:5462f18f64f2a4cc9d0f4e21d01ce1767b822b066158093b15e7063ff94b19ce,4307
snapshots:
- completed:
    size: 523884
    url: https://raw.githubusercontent.com/commercialhaskell/stackage-snapshots/master/lts/14/4.yaml
    sha256: 16f24be248b42c9e16d59db84378836b1e7c239448a041cae46d32daffa45a8b
  original: lts-14.4
